
Microsoft Visual Studio Solution File, Format Version 12.00
# Visual Studio Version 17
VisualStudioVersion = 17.11.35222.181
MinimumVisualStudioVersion = 10.0.40219.1
Project("{9A19103F-16F7-4668-BE54-9A1E7A4F7556}") = "Auctions.Api", "Auctions.Api\Auctions.Api.csproj", "{ECA378F2-F38C-4C1F-BDD1-3DD31E1CB20B}"
EndProject
Global
	GlobalSection(SolutionConfigurationPlatforms) = preSolution
		Debug|Any CPU = Debug|Any CPU
		Release|Any CPU = Release|Any CPU
	EndGlobalSection
	GlobalSection(ProjectConfigurationPlatforms) = postSolution
		{ECA378F2-F38C-4C1F-BDD1-3DD31E1CB20B}.Debug|Any CPU.ActiveCfg = Debug|Any CPU
		{ECA378F2-F38C-4C1F-BDD1-3DD31E1CB20B}.Debug|Any CPU.Build.0 = Debug|Any CPU
		{ECA378F2-F38C-4C1F-BDD1-3DD31E1CB20B}.Release|Any CPU.ActiveCfg = Release|Any CPU
		{ECA378F2-F38C-4C1F-BDD1-3DD31E1CB20B}.Release|Any CPU.Build.0 = Release|Any CPU
	EndGlobalSection
	GlobalSection(SolutionProperties) = preSolution
		HideSolutionNode = FALSE
	EndGlobalSection
	GlobalSection(ExtensibilityGlobals) = postSolution
		SolutionGuid = {53A083FD-B71B-4FC0-A12C-7A5293455999}
	EndGlobalSection
EndGlobal
